
Microsoft Visual Studio Solution File, Format Version 12.00
# Visual Studio Version 17
VisualStudioVersion = 17.8.34601.278
MinimumVisualStudioVersion = 10.0.40219.1
Project("{FAE04EC0-301F-11D3-BF4B-00C04F79EFBC}") = "Stop", "Stop\Stop.csproj", "{B0CF4542-08E2-43C8-B8FC-DB93F6169D12}"
EndProject
Global
	GlobalSection(SolutionConfigurationPlatforms) = preSolution
		Debug|Any CPU = Debug|Any CPU
		Release|Any CPU = Release|Any CPU
	EndGlobalSection
	GlobalSection(ProjectConfigurationPlatforms) = postSolution
		{B0CF4542-08E2-43C8-B8FC-DB93F6169D12}.Debug|Any CPU.ActiveCfg = Debug|Any CPU
		{B0CF4542-08E2-43C8-B8FC-DB93F6169D12}.Debug|Any CPU.Build.0 = Debug|Any CPU
		{B0CF4542-08E2-43C8-B8FC-DB93F6169D12}.Release|Any CPU.ActiveCfg = Release|Any CPU
		{B0CF4542-08E2-43C8-B8FC-DB93F6169D12}.Release|Any CPU.Build.0 = Release|Any CPU
	EndGlobalSection
	GlobalSection(SolutionProperties) = preSolution
		HideSolutionNode = FALSE
	EndGlobalSection
	GlobalSection(ExtensibilityGlobals) = postSolution
		SolutionGuid = {FCB50CF8-FFB9-4BF8-BD41-3095ADF38A5E}
	EndGlobalSection
EndGlobal
